
Microsoft Visual Studio Solution File, Format Version 12.00
# Visual Studio Version 17
VisualStudioVersion = 17.9.34714.143
MinimumVisualStudioVersion = 10.0.40219.1
Project("{9A19103F-16F7-4668-BE54-9A1E7A4F7556}") = "CompanyStaff", "CompanyStaff\CompanyStaff.csproj", "{A7C8E3FF-88B5-425E-AC1E-E83F537449CB}"
EndProject
Project("{9A19103F-16F7-4668-BE54-9A1E7A4F7556}") = "Contracts", "Contracts\Contracts.csproj", "{3891DC29-5034-42C3-8F96-C43CD6EB92A5}"
EndProject
Project("{9A19103F-16F7-4668-BE54-9A1E7A4F7556}") = "LoggerService", "LoggerService\LoggerService.csproj", "{030CEE70-29BB-4C46-9A29-F96065DE71D1}"
EndProject
Project("{9A19103F-16F7-4668-BE54-9A1E7A4F7556}") = "Entities", "Entities\Entities.csproj", "{C8E835D2-1461-4E39-BD3F-8AEF83D405B3}"
EndProject
Project("{FAE04EC0-301F-11D3-BF4B-00C04F79EFBC}") = "Repository", "Repository\Repository.csproj", "{4FB9A332-0142-4AAD-B129-B60877F83DAA}"
EndProject
Global
	GlobalSection(SolutionConfigurationPlatforms) = preSolution
		Debug|Any CPU = Debug|Any CPU
		Release|Any CPU = Release|Any CPU
	EndGlobalSection
	GlobalSection(ProjectConfigurationPlatforms) = postSolution
		{A7C8E3FF-88B5-425E-AC1E-E83F537449CB}.Debug|Any CPU.ActiveCfg = Debug|Any CPU
		{A7C8E3FF-88B5-425E-AC1E-E83F537449CB}.Debug|Any CPU.Build.0 = Debug|Any CPU
		{A7C8E3FF-88B5-425E-AC1E-E83F537449CB}.Release|Any CPU.ActiveCfg = Release|Any CPU
		{A7C8E3FF-88B5-425E-AC1E-E83F537449CB}.Release|Any CPU.Build.0 = Release|Any CPU
		{3891DC29-5034-42C3-8F96-C43CD6EB92A5}.Debug|Any CPU.ActiveCfg = Debug|Any CPU
		{3891DC29-5034-42C3-8F96-C43CD6EB92A5}.Debug|Any CPU.Build.0 = Debug|Any CPU
		{3891DC29-5034-42C3-8F96-C43CD6EB92A5}.Release|Any CPU.ActiveCfg = Release|Any CPU
		{3891DC29-5034-42C3-8F96-C43CD6EB92A5}.Release|Any CPU.Build.0 = Release|Any CPU
		{030CEE70-29BB-4C46-9A29-F96065DE71D1}.Debug|Any CPU.ActiveCfg = Debug|Any CPU
		{030CEE70-29BB-4C46-9A29-F96065DE71D1}.Debug|Any CPU.Build.0 = Debug|Any CPU
		{030CEE70-29BB-4C46-9A29-F96065DE71D1}.Release|Any CPU.ActiveCfg = Release|Any CPU
		{030CEE70-29BB-4C46-9A29-F96065DE71D1}.Release|Any CPU.Build.0 = Release|Any CPU
		{C8E835D2-1461-4E39-BD3F-8AEF83D405B3}.Debug|Any CPU.ActiveCfg = Debug|Any CPU
		{C8E835D2-1461-4E39-BD3F-8AEF83D405B3}.Debug|Any CPU.Build.0 = Debug|Any CPU
		{C8E835D2-1461-4E39-BD3F-8AEF83D405B3}.Release|Any CPU.ActiveCfg = Release|Any CPU
		{C8E835D2-1461-4E39-BD3F-8AEF83D405B3}.Release|Any CPU.Build.0 = Release|Any CPU
		{4FB9A332-0142-4AAD-B129-B60877F83DAA}.Debug|Any CPU.ActiveCfg = Debug|Any CPU
		{4FB9A332-0142-4AAD-B129-B60877F83DAA}.Debug|Any CPU.Build.0 = Debug|Any CPU
		{4FB9A332-0142-4AAD-B129-B60877F83DAA}.Release|Any CPU.ActiveCfg = Release|Any CPU
		{4FB9A332-0142-4AAD-B129-B60877F83DAA}.Release|Any CPU.Build.0 = Release|Any CPU
	EndGlobalSection
	GlobalSection(SolutionProperties) = preSolution
		HideSolutionNode = FALSE
	EndGlobalSection
	GlobalSection(ExtensibilityGlobals) = postSolution
		SolutionGuid = {3DD96537-E893-4C22-B38C-96EA41C27D69}
	EndGlobalSection
EndGlobal
